<?xml version="1.0" encoding="utf-8"?>
<Project ToolsVersion="4.0" xmlns="http://schemas.microsoft.com/developer/msbuild/2003">
  <ItemGroup>
    <ClCompile Include="AppMain.cpp" />
    <ClCompile Include="PreCompile.cpp">
      <Filter>Precom</Filter>
    </ClCompile>
    <ClCompile Include="UserGame.cpp">
      <Filter>UserCore</Filter>
    </ClCompile>
    <ClCompile Include="UserGame_Resources_Shader.cpp">
      <Filter>UserCore\Resources</Filter>
    </ClCompile>
    <ClCompile Include="UserGame_Resources.cpp">
      <Filter>UserCore\Resources</Filter>
    </ClCompile>
    <ClCompile Include="TitleLevel.cpp">
      <Filter>Level</Filter>
    </ClCompile>
    <ClCompile Include="TitleUI.cpp">
      <Filter>Actor\UI\Login</Filter>
    </ClCompile>
    <ClCompile Include="MenuUI.cpp">
      <Filter>Actor\UI\MainBar</Filter>
    </ClCompile>
    <ClCompile Include="StatusUI.cpp">
      <Filter>Actor\UI\MainBar</Filter>
    </ClCompile>
    <ClCompile Include="LithHarborLevel.cpp">
      <Filter>Level\Town</Filter>
    </ClCompile>
    <ClCompile Include="PerionLevel.cpp">
      <Filter>Level\Town</Filter>
    </ClCompile>
    <ClCompile Include="PerionRoomLevel.cpp">
      <Filter>Level\Town</Filter>
    </ClCompile>
    <ClCompile Include="SilentSwampLevel.cpp">
      <Filter>Level\HuntingGround</Filter>
    </ClCompile>
    <ClCompile Include="SahelLevel.cpp">
      <Filter>Level\HuntingGround</Filter>
    </ClCompile>
    <ClCompile Include="EntranceDemianLevel.cpp">
      <Filter>Level\HuntingGround\Demian</Filter>
    </ClCompile>
    <ClCompile Include="QuickSlotKeyUI.cpp">
      <Filter>Actor\UI\MainBar\QuickSlot</Filter>
    </ClCompile>
    <ClCompile Include="QuickSlotUI.cpp">
      <Filter>Actor\UI\MainBar\QuickSlot</Filter>
    </ClCompile>
    <ClCompile Include="DemianLevel.cpp">
      <Filter>Level\HuntingGround\Demian</Filter>
    </ClCompile>
    <ClCompile Include="Demian.cpp">
      <Filter>Actor\Monster\BOSS</Filter>
    </ClCompile>
    <ClCompile Include="Demian_Animation.cpp">
      <Filter>Actor\Monster\BOSS</Filter>
    </ClCompile>
    <ClCompile Include="DemianMap.cpp">
      <Filter>Actor\Map\HuntingGround\Demian</Filter>
    </ClCompile>
    <ClCompile Include="EntranceDemianMap.cpp">
      <Filter>Actor\Map\HuntingGround\Demian</Filter>
    </ClCompile>
    <ClCompile Include="InventoryUI.cpp">
      <Filter>Actor\UI\Inventory</Filter>
    </ClCompile>
    <ClCompile Include="InventoryUI_CreateRenderer.cpp">
      <Filter>Actor\UI\Inventory</Filter>
    </ClCompile>
    <ClCompile Include="ExpBarUI.cpp">
      <Filter>Actor\UI\MainBar</Filter>
    </ClCompile>
    <ClCompile Include="Player.cpp">
      <Filter>Actor\Player</Filter>
    </ClCompile>
    <ClCompile Include="Player_Animation.cpp">
      <Filter>Actor\Player</Filter>
    </ClCompile>
    <ClCompile Include="Map.cpp">
      <Filter>Actor\Map</Filter>
    </ClCompile>
    <ClCompile Include="Player_FSM.cpp">
      <Filter>Actor\Player</Filter>
    </ClCompile>
    <ClCompile Include="Mouse.cpp">
      <Filter>Actor\UI\Mouse</Filter>
    </ClCompile>
    <ClCompile Include="GlobalValue.cpp">
      <Filter>Global</Filter>
    </ClCompile>
    <ClCompile Include="ValueCheckWindow.cpp">
      <Filter>Imgui</Filter>
    </ClCompile>
    <ClCompile Include="LithHarbor.cpp">
      <Filter>Actor\Map\Town</Filter>
    </ClCompile>
    <ClCompile Include="PerionRoom.cpp">
      <Filter>Actor\Map\Town</Filter>
    </ClCompile>
    <ClCompile Include="Perion.cpp">
      <Filter>Actor\Map\Town</Filter>
    </ClCompile>
    <ClCompile Include="PerionNorthernRidge.cpp">
      <Filter>Actor\Map\HuntingGround</Filter>
    </ClCompile>
    <ClCompile Include="PerionNorthernRidgeLevel.cpp">
      <Filter>Level\HuntingGround</Filter>
    </ClCompile>
    <ClCompile Include="DeepeningForest.cpp">
      <Filter>Actor\Map\HuntingGround</Filter>
    </ClCompile>
    <ClCompile Include="DeepeningForestLevel.cpp">
      <Filter>Level\HuntingGround</Filter>
    </ClCompile>
    <ClCompile Include="Portal.cpp">
      <Filter>Actor\Portal</Filter>
    </ClCompile>
    <ClCompile Include="LithHarborTaxi.cpp">
      <Filter>Actor\NPC\Taxi</Filter>
    </ClCompile>
    <ClCompile Include="TaxiDlg.cpp">
      <Filter>Actor\NPC\Taxi</Filter>
    </ClCompile>
    <ClCompile Include="JobsNPC.cpp">
      <Filter>Actor\NPC\JobsNPC</Filter>
    </ClCompile>
    <ClCompile Include="JobsNPC_Dlg.cpp">
      <Filter>Actor\NPC\JobsNPC</Filter>
    </ClCompile>
    <ClCompile Include="SkillUI.cpp">
      <Filter>Actor\UI\Skill</Filter>
    </ClCompile>
    <ClCompile Include="CurvedEffect.cpp">
      <Filter>Global\PostProcess</Filter>
    </ClCompile>
    <ClCompile Include="GlobalLevelControl.cpp">
      <Filter>Global</Filter>
    </ClCompile>
    <ClCompile Include="Stump.cpp">
      <Filter>Actor\Monster</Filter>
    </ClCompile>
    <ClCompile Include="ForestDefender.cpp">
      <Filter>Actor\Monster</Filter>
    </ClCompile>
    <ClCompile Include="SmallMeso.cpp">
      <Filter>Actor\Item</Filter>
    </ClCompile>
    <ClCompile Include="RedPotion.cpp">
      <Filter>Actor\Item</Filter>
    </ClCompile>
    <ClCompile Include="BluePotion.cpp">
      <Filter>Actor\Item</Filter>
    </ClCompile>
    <ClCompile Include="Scorpion.cpp">
      <Filter>Actor\Monster</Filter>
    </ClCompile>
    <ClCompile Include="Sahel.cpp">
      <Filter>Actor\Map\HuntingGround</Filter>
    </ClCompile>
    <ClCompile Include="Sandmole.cpp">
      <Filter>Actor\Monster</Filter>
    </ClCompile>
  </ItemGroup>
  <ItemGroup>
    <Filter Include="Precom">
      <UniqueIdentifier>{02522052-7326-46b3-8c44-efbe0e540691}</UniqueIdentifier>
    </Filter>
    <Filter Include="UserCore">
      <UniqueIdentifier>{6594ca4b-42c5-47f7-a71c-b445e496b9e7}</UniqueIdentifier>
    </Filter>
    <Filter Include="UserCore\Resources">
      <UniqueIdentifier>{44a8332f-5a76-4b09-b066-375147aff382}</UniqueIdentifier>
    </Filter>
    <Filter Include="Level">
      <UniqueIdentifier>{db9a7c2a-db4b-4c09-8c9a-b87423bfe5f8}</UniqueIdentifier>
    </Filter>
    <Filter Include="Actor">
      <UniqueIdentifier>{18fb2cf2-c780-4bcc-b2ae-8053a571d086}</UniqueIdentifier>
    </Filter>
    <Filter Include="Actor\Monster">
      <UniqueIdentifier>{8fd35a2b-f6ff-4097-bd6d-fe5b84d77e4f}</UniqueIdentifier>
    </Filter>
    <Filter Include="Actor\Monster\BOSS">
      <UniqueIdentifier>{c21ac8a3-9e06-4c1d-af4c-ca687fbe5aa6}</UniqueIdentifier>
    </Filter>
    <Filter Include="Actor\UI">
      <UniqueIdentifier>{c9f9e47b-c1c8-44fc-b891-f4d3d8b44932}</UniqueIdentifier>
    </Filter>
    <Filter Include="Actor\UI\Login">
      <UniqueIdentifier>{512fe019-c86d-49b5-833e-8624cf6f780f}</UniqueIdentifier>
    </Filter>
    <Filter Include="Actor\Map">
      <UniqueIdentifier>{7ab2ae4a-cf96-462a-bcbc-f7ff0c56e979}</UniqueIdentifier>
    </Filter>
    <Filter Include="Level\Town">
      <UniqueIdentifier>{c241f2ed-7d11-4b06-b4ef-04cbdbe926c8}</UniqueIdentifier>
    </Filter>
    <Filter Include="Level\HuntingGround">
      <UniqueIdentifier>{e2e45dc0-8628-47cf-9e2b-57b2dda33049}</UniqueIdentifier>
    </Filter>
    <Filter Include="Actor\NPC">
      <UniqueIdentifier>{d5ce0523-29a4-495c-a840-b26a26f94b98}</UniqueIdentifier>
    </Filter>
    <Filter Include="Level\HuntingGround\Demian">
      <UniqueIdentifier>{5247f2c1-c26d-4932-b321-14d614563cfb}</UniqueIdentifier>
    </Filter>
    <Filter Include="Actor\Player">
      <UniqueIdentifier>{aa6748f1-cc28-4389-866e-b706de81f30e}</UniqueIdentifier>
    </Filter>
    <Filter Include="Actor\UI\Inventory">
      <UniqueIdentifier>{758cfe3e-7815-4223-b675-09be6e62ed8b}</UniqueIdentifier>
    </Filter>
    <Filter Include="Actor\Item">
      <UniqueIdentifier>{7bcbadb6-7dde-4b48-9fb9-2b3faa5d5667}</UniqueIdentifier>
    </Filter>
    <Filter Include="Custom">
      <UniqueIdentifier>{810c8b06-4134-474b-91be-1ef2def1fd66}</UniqueIdentifier>
    </Filter>
    <Filter Include="Actor\UI\MainBar">
      <UniqueIdentifier>{bf319917-55eb-463d-842e-84f14f4f408e}</UniqueIdentifier>
    </Filter>
    <Filter Include="Actor\UI\MainBar\QuickSlot">
      <UniqueIdentifier>{a77aef23-3af5-434e-a631-ebd758e245ff}</UniqueIdentifier>
    </Filter>
    <Filter Include="Actor\UI\Mouse">
      <UniqueIdentifier>{ebb90fd2-ac79-4a26-b1f5-e3c729ad32ed}</UniqueIdentifier>
    </Filter>
    <Filter Include="Global">
      <UniqueIdentifier>{111ab022-a3b5-4b6b-bf39-7168dcdb9c48}</UniqueIdentifier>
    </Filter>
    <Filter Include="Imgui">
      <UniqueIdentifier>{77ca2217-0065-454a-a945-38d1f23530d9}</UniqueIdentifier>
    </Filter>
    <Filter Include="Actor\Map\Town">
      <UniqueIdentifier>{f0ce851b-7074-44ff-a858-8cddab08ee16}</UniqueIdentifier>
    </Filter>
    <Filter Include="Actor\Map\HuntingGround">
      <UniqueIdentifier>{d371576b-2ea8-41d5-88ac-faeb6f201ba6}</UniqueIdentifier>
    </Filter>
    <Filter Include="Actor\Map\HuntingGround\Demian">
      <UniqueIdentifier>{80fdbf4c-2465-4d92-99e1-544a771eab93}</UniqueIdentifier>
    </Filter>
    <Filter Include="Actor\Portal">
      <UniqueIdentifier>{3b8c0cb4-af83-4767-b413-14afc69d7ef0}</UniqueIdentifier>
    </Filter>
    <Filter Include="Actor\NPC\Taxi">
      <UniqueIdentifier>{c9211b61-4d60-4d09-9425-3db7ab9f8635}</UniqueIdentifier>
    </Filter>
    <Filter Include="Actor\NPC\JobsNPC">
      <UniqueIdentifier>{558437a8-3fed-49cf-a969-32cb5cf38ba5}</UniqueIdentifier>
    </Filter>
    <Filter Include="Actor\UI\Skill">
      <UniqueIdentifier>{788cfed7-d2ce-4366-b665-2b160774da9b}</UniqueIdentifier>
    </Filter>
    <Filter Include="Global\PostProcess">
      <UniqueIdentifier>{6f719326-8d18-44ea-b928-dee40f707827}</UniqueIdentifier>
    </Filter>
  </ItemGroup>
  <ItemGroup>
    <ClInclude Include="PreCompile.h">
      <Filter>Precom</Filter>
    </ClInclude>
    <ClInclude Include="UserGame.h">
      <Filter>UserCore</Filter>
    </ClInclude>
    <ClInclude Include="CustomVertex.h">
      <Filter>Custom</Filter>
    </ClInclude>
    <ClInclude Include="UserGame_Resources_Shader.h">
      <Filter>UserCore\Resources</Filter>
    </ClInclude>
    <ClInclude Include="TitleLevel.h">
      <Filter>Level</Filter>
    </ClInclude>
    <ClInclude Include="TitleUI.h">
      <Filter>Actor\UI\Login</Filter>
    </ClInclude>
    <ClInclude Include="MenuUI.h">
      <Filter>Actor\UI\MainBar</Filter>
    </ClInclude>
    <ClInclude Include="StatusUI.h">
      <Filter>Actor\UI\MainBar</Filter>
    </ClInclude>
    <ClInclude Include="LithHarborLevel.h">
      <Filter>Level\Town</Filter>
    </ClInclude>
    <ClInclude Include="PerionLevel.h">
      <Filter>Level\Town</Filter>
    </ClInclude>
    <ClInclude Include="PerionRoomLevel.h">
      <Filter>Level\Town</Filter>
    </ClInclude>
    <ClInclude Include="SilentSwampLevel.h">
      <Filter>Level\HuntingGround</Filter>
    </ClInclude>
    <ClInclude Include="SahelLevel.h">
      <Filter>Level\HuntingGround</Filter>
    </ClInclude>
    <ClInclude Include="EntranceDemianLevel.h">
      <Filter>Level\HuntingGround\Demian</Filter>
    </ClInclude>
    <ClInclude Include="QuickSlotKeyUI.h">
      <Filter>Actor\UI\MainBar\QuickSlot</Filter>
    </ClInclude>
    <ClInclude Include="QuickSlotUI.h">
      <Filter>Actor\UI\MainBar\QuickSlot</Filter>
    </ClInclude>
    <ClInclude Include="DemianLevel.h">
      <Filter>Level\HuntingGround\Demian</Filter>
    </ClInclude>
    <ClInclude Include="Demian.h">
      <Filter>Actor\Monster\BOSS</Filter>
    </ClInclude>
    <ClInclude Include="DemianMap.h">
      <Filter>Actor\Map\HuntingGround\Demian</Filter>
    </ClInclude>
    <ClInclude Include="EntranceDemianMap.h">
      <Filter>Actor\Map\HuntingGround\Demian</Filter>
    </ClInclude>
    <ClInclude Include="InventoryUI.h">
      <Filter>Actor\UI\Inventory</Filter>
    </ClInclude>
    <ClInclude Include="ExpBarUI.h">
      <Filter>Actor\UI\MainBar</Filter>
    </ClInclude>
    <ClInclude Include="Player.h">
      <Filter>Actor\Player</Filter>
    </ClInclude>
    <ClInclude Include="Player_Define.h">
      <Filter>Actor\Player</Filter>
    </ClInclude>
    <ClInclude Include="Map.h">
      <Filter>Actor\Map</Filter>
    </ClInclude>
    <ClInclude Include="Mouse.h">
      <Filter>Actor\UI\Mouse</Filter>
    </ClInclude>
    <ClInclude Include="PhysicsDefine.h">
      <Filter>Global</Filter>
    </ClInclude>
    <ClInclude Include="GlobalValue.h">
      <Filter>Global</Filter>
    </ClInclude>
    <ClInclude Include="ValueCheckWindow.h">
      <Filter>Imgui</Filter>
    </ClInclude>
    <ClInclude Include="LithHarbor.h">
      <Filter>Actor\Map\Town</Filter>
    </ClInclude>
    <ClInclude Include="PerionRoom.h">
      <Filter>Actor\Map\Town</Filter>
    </ClInclude>
    <ClInclude Include="Perion.h">
      <Filter>Actor\Map\Town</Filter>
    </ClInclude>
    <ClInclude Include="PerionNorthernRidge.h">
      <Filter>Actor\Map\HuntingGround</Filter>
    </ClInclude>
    <ClInclude Include="PerionNorthernRidgeLevel.h">
      <Filter>Level\HuntingGround</Filter>
    </ClInclude>
    <ClInclude Include="DeepeningForest.h">
      <Filter>Actor\Map\HuntingGround</Filter>
    </ClInclude>
    <ClInclude Include="DeepeningForestLevel.h">
      <Filter>Level\HuntingGround</Filter>
    </ClInclude>
    <ClInclude Include="Portal.h">
      <Filter>Actor\Portal</Filter>
    </ClInclude>
    <ClInclude Include="LithHarborTaxi.h">
      <Filter>Actor\NPC\Taxi</Filter>
    </ClInclude>
    <ClInclude Include="TaxiDlg.h">
      <Filter>Actor\NPC\Taxi</Filter>
    </ClInclude>
    <ClInclude Include="JobsNPC.h">
      <Filter>Actor\NPC\JobsNPC</Filter>
    </ClInclude>
    <ClInclude Include="JobsNPC_Dlg.h">
      <Filter>Actor\NPC\JobsNPC</Filter>
    </ClInclude>
    <ClInclude Include="SkillUI.h">
      <Filter>Actor\UI\Skill</Filter>
    </ClInclude>
    <ClInclude Include="CurvedEffect.h">
      <Filter>Global\PostProcess</Filter>
    </ClInclude>
    <ClInclude Include="GlobalLevelControl.h">
      <Filter>Global</Filter>
    </ClInclude>
    <ClInclude Include="Stump.h">
      <Filter>Actor\Monster</Filter>
    </ClInclude>
    <ClInclude Include="ForestDefender.h">
      <Filter>Actor\Monster</Filter>
    </ClInclude>
    <ClInclude Include="SmallMeso.h">
      <Filter>Actor\Item</Filter>
    </ClInclude>
    <ClInclude Include="RedPotion.h">
      <Filter>Actor\Item</Filter>
    </ClInclude>
    <ClInclude Include="BluePotion.h">
      <Filter>Actor\Item</Filter>
    </ClInclude>
    <ClInclude Include="Scorpion.h">
      <Filter>Actor\Monster</Filter>
    </ClInclude>
    <ClInclude Include="Sahel.h">
      <Filter>Actor\Map\HuntingGround</Filter>
    </ClInclude>
    <ClInclude Include="Sandmole.h">
      <Filter>Actor\Monster</Filter>
    </ClInclude>
  </ItemGroup>
</Project>