<?xml version="1.0" encoding="utf-8"?>
<Project ToolsVersion="4.0" xmlns="http://schemas.microsoft.com/developer/msbuild/2003">
  <ItemGroup>
    <ClCompile Include="AppMain.cpp" />
    <ClCompile Include="PreCompile.cpp">
      <Filter>Precom</Filter>
    </ClCompile>
    <ClCompile Include="UserGame.cpp">
      <Filter>UserCore</Filter>
    </ClCompile>
    <ClCompile Include="UserGame_Resources_Shader.cpp">
      <Filter>UserCore\Resources</Filter>
    </ClCompile>
    <ClCompile Include="UserGame_Resources.cpp">
      <Filter>UserCore\Resources</Filter>
    </ClCompile>
    <ClCompile Include="TitleLevel.cpp">
      <Filter>Level</Filter>
    </ClCompile>
    <ClCompile Include="Monster.cpp">
      <Filter>Actor\Monster</Filter>
    </ClCompile>
    <ClCompile Include="PlayerRenderer.cpp">
      <Filter>Wz\Component</Filter>
    </ClCompile>
    <ClCompile Include="Player.cpp">
      <Filter>Actor</Filter>
    </ClCompile>
    <ClCompile Include="TitleUI.cpp">
      <Filter>Actor\UI\Login</Filter>
    </ClCompile>
    <ClCompile Include="Player_CreateRenderer.cpp">
      <Filter>Actor</Filter>
    </ClCompile>
    <ClCompile Include="LithHarbor.cpp">
      <Filter>Actor\Map\LithHarbor</Filter>
    </ClCompile>
    <ClCompile Include="ExpBarUI.cpp">
      <Filter>Actor\UI\MainBar</Filter>
    </ClCompile>
    <ClCompile Include="MenuUI.cpp">
      <Filter>Actor\UI\MainBar</Filter>
    </ClCompile>
    <ClCompile Include="QuickSlotUI.cpp">
      <Filter>Actor\UI\MainBar</Filter>
    </ClCompile>
    <ClCompile Include="StatusUI.cpp">
      <Filter>Actor\UI\MainBar</Filter>
    </ClCompile>
    <ClCompile Include="DesertedCampLevel.cpp">
      <Filter>Level\Town</Filter>
    </ClCompile>
    <ClCompile Include="LithHarborLevel.cpp">
      <Filter>Level\Town</Filter>
    </ClCompile>
    <ClCompile Include="PerionLevel.cpp">
      <Filter>Level\Town</Filter>
    </ClCompile>
    <ClCompile Include="PerionRoomLevel.cpp">
      <Filter>Level\Town</Filter>
    </ClCompile>
    <ClCompile Include="PerionNorthernRidgeLevel.cpp">
      <Filter>Level\HuntingGround</Filter>
    </ClCompile>
    <ClCompile Include="DeepeningForestLevel.cpp">
      <Filter>Level\HuntingGround</Filter>
    </ClCompile>
    <ClCompile Include="SilentSwampLevel.cpp">
      <Filter>Level\HuntingGround</Filter>
    </ClCompile>
    <ClCompile Include="SahelLevel.cpp">
      <Filter>Level\HuntingGround</Filter>
    </ClCompile>
    <ClCompile Include="EntranceDemianLevel.cpp">
      <Filter>Level\HuntingGround\Demian</Filter>
    </ClCompile>
    <ClCompile Include="QuickSlotKeyUI.cpp">
      <Filter>Actor\UI\MainBar</Filter>
    </ClCompile>
  </ItemGroup>
  <ItemGroup>
    <Filter Include="Precom">
      <UniqueIdentifier>{02522052-7326-46b3-8c44-efbe0e540691}</UniqueIdentifier>
    </Filter>
    <Filter Include="UserCore">
      <UniqueIdentifier>{6594ca4b-42c5-47f7-a71c-b445e496b9e7}</UniqueIdentifier>
    </Filter>
    <Filter Include="CustomVertex">
      <UniqueIdentifier>{810c8b06-4134-474b-91be-1ef2def1fd66}</UniqueIdentifier>
    </Filter>
    <Filter Include="UserCore\Resources">
      <UniqueIdentifier>{44a8332f-5a76-4b09-b066-375147aff382}</UniqueIdentifier>
    </Filter>
    <Filter Include="Level">
      <UniqueIdentifier>{db9a7c2a-db4b-4c09-8c9a-b87423bfe5f8}</UniqueIdentifier>
    </Filter>
    <Filter Include="Actor">
      <UniqueIdentifier>{18fb2cf2-c780-4bcc-b2ae-8053a571d086}</UniqueIdentifier>
    </Filter>
    <Filter Include="Actor\Monster">
      <UniqueIdentifier>{8fd35a2b-f6ff-4097-bd6d-fe5b84d77e4f}</UniqueIdentifier>
    </Filter>
    <Filter Include="Actor\Monster\BOSS">
      <UniqueIdentifier>{c21ac8a3-9e06-4c1d-af4c-ca687fbe5aa6}</UniqueIdentifier>
    </Filter>
    <Filter Include="Wz">
      <UniqueIdentifier>{4dd958d5-a0fc-4333-b007-3da3ecbbe842}</UniqueIdentifier>
    </Filter>
    <Filter Include="Actor\UI">
      <UniqueIdentifier>{c9f9e47b-c1c8-44fc-b891-f4d3d8b44932}</UniqueIdentifier>
    </Filter>
    <Filter Include="Wz\Component">
      <UniqueIdentifier>{8d6864ba-c02f-4f5b-b34d-22a8343a0cb0}</UniqueIdentifier>
    </Filter>
    <Filter Include="Actor\UI\Login">
      <UniqueIdentifier>{512fe019-c86d-49b5-833e-8624cf6f780f}</UniqueIdentifier>
    </Filter>
    <Filter Include="Actor\Map">
      <UniqueIdentifier>{7ab2ae4a-cf96-462a-bcbc-f7ff0c56e979}</UniqueIdentifier>
    </Filter>
    <Filter Include="Actor\Map\LithHarbor">
      <UniqueIdentifier>{e335b05d-15cd-475a-a91e-b0a6a40eee32}</UniqueIdentifier>
    </Filter>
    <Filter Include="Actor\UI\MainBar">
      <UniqueIdentifier>{bf319917-55eb-463d-842e-84f14f4f408e}</UniqueIdentifier>
    </Filter>
    <Filter Include="Level\Town">
      <UniqueIdentifier>{c241f2ed-7d11-4b06-b4ef-04cbdbe926c8}</UniqueIdentifier>
    </Filter>
    <Filter Include="Level\HuntingGround">
      <UniqueIdentifier>{e2e45dc0-8628-47cf-9e2b-57b2dda33049}</UniqueIdentifier>
    </Filter>
    <Filter Include="Actor\NPC">
      <UniqueIdentifier>{d5ce0523-29a4-495c-a840-b26a26f94b98}</UniqueIdentifier>
    </Filter>
    <Filter Include="Level\HuntingGround\Demian">
      <UniqueIdentifier>{5247f2c1-c26d-4932-b321-14d614563cfb}</UniqueIdentifier>
    </Filter>
  </ItemGroup>
  <ItemGroup>
    <ClInclude Include="PreCompile.h">
      <Filter>Precom</Filter>
    </ClInclude>
    <ClInclude Include="UserGame.h">
      <Filter>UserCore</Filter>
    </ClInclude>
    <ClInclude Include="CustomVertex.h">
      <Filter>CustomVertex</Filter>
    </ClInclude>
    <ClInclude Include="UserGame_Resources_Shader.h">
      <Filter>UserCore\Resources</Filter>
    </ClInclude>
    <ClInclude Include="TitleLevel.h">
      <Filter>Level</Filter>
    </ClInclude>
    <ClInclude Include="Monster.h">
      <Filter>Actor\Monster</Filter>
    </ClInclude>
    <ClInclude Include="PlayerRenderer.h">
      <Filter>Wz\Component</Filter>
    </ClInclude>
    <ClInclude Include="Player.h">
      <Filter>Actor</Filter>
    </ClInclude>
    <ClInclude Include="WzPhysicsValue.h">
      <Filter>Wz</Filter>
    </ClInclude>
    <ClInclude Include="TitleUI.h">
      <Filter>Actor\UI\Login</Filter>
    </ClInclude>
    <ClInclude Include="LithHarbor.h">
      <Filter>Actor\Map\LithHarbor</Filter>
    </ClInclude>
    <ClInclude Include="ExpBarUI.h">
      <Filter>Actor\UI\MainBar</Filter>
    </ClInclude>
    <ClInclude Include="MenuUI.h">
      <Filter>Actor\UI\MainBar</Filter>
    </ClInclude>
    <ClInclude Include="QuickSlotUI.h">
      <Filter>Actor\UI\MainBar</Filter>
    </ClInclude>
    <ClInclude Include="StatusUI.h">
      <Filter>Actor\UI\MainBar</Filter>
    </ClInclude>
    <ClInclude Include="DesertedCampLevel.h">
      <Filter>Level\Town</Filter>
    </ClInclude>
    <ClInclude Include="LithHarborLevel.h">
      <Filter>Level\Town</Filter>
    </ClInclude>
    <ClInclude Include="PerionLevel.h">
      <Filter>Level\Town</Filter>
    </ClInclude>
    <ClInclude Include="PerionRoomLevel.h">
      <Filter>Level\Town</Filter>
    </ClInclude>
    <ClInclude Include="PerionNorthernRidgeLevel.h">
      <Filter>Level\HuntingGround</Filter>
    </ClInclude>
    <ClInclude Include="DeepeningForestLevel.h">
      <Filter>Level\HuntingGround</Filter>
    </ClInclude>
    <ClInclude Include="SilentSwampLevel.h">
      <Filter>Level\HuntingGround</Filter>
    </ClInclude>
    <ClInclude Include="SahelLevel.h">
      <Filter>Level\HuntingGround</Filter>
    </ClInclude>
    <ClInclude Include="EntranceDemianLevel.h">
      <Filter>Level\HuntingGround\Demian</Filter>
    </ClInclude>
    <ClInclude Include="QuickSlotKeyUI.h">
      <Filter>Actor\UI\MainBar</Filter>
    </ClInclude>
  </ItemGroup>
</Project>