<?xml version="1.0" encoding="utf-8"?>
<Project ToolsVersion="4.0" xmlns="http://schemas.microsoft.com/developer/msbuild/2003">
  <ItemGroup>
    <ClInclude Include="PreCompile.h">
      <Filter>Precom</Filter>
    </ClInclude>
    <ClInclude Include="GameEngineWindow.h">
      <Filter>Window</Filter>
    </ClInclude>
    <ClInclude Include="GameEngineCore.h">
      <Filter>Core</Filter>
    </ClInclude>
    <ClInclude Include="GameEngineRenderingPipeLine.h">
      <Filter>RenderingPipeLine</Filter>
    </ClInclude>
    <ClInclude Include="GameEngineVertexShader.h">
      <Filter>Resources\01. Shader</Filter>
    </ClInclude>
    <ClInclude Include="GameEngineIndexBuffer.h">
      <Filter>Resources\00. Buffer</Filter>
    </ClInclude>
    <ClInclude Include="GameEngineVertexBuffer.h">
      <Filter>Resources\00. Buffer</Filter>
    </ClInclude>
    <ClInclude Include="GameEngineVertexBufferManager.h">
      <Filter>Resources\99. Manager</Filter>
    </ClInclude>
    <ClInclude Include="GameEngineTextureManager.h">
      <Filter>Resources\99. Manager</Filter>
    </ClInclude>
    <ClInclude Include="GameEngineIndexBufferManager.h">
      <Filter>Resources\99. Manager</Filter>
    </ClInclude>
    <ClInclude Include="GameEngineVertexShaderManager.h">
      <Filter>Resources\99. Manager</Filter>
    </ClInclude>
    <ClInclude Include="GameEngineRasterizer.h">
      <Filter>Resources\03. Rasterizer</Filter>
    </ClInclude>
    <ClInclude Include="GameEngineRasterizerManager.h">
      <Filter>Resources\99. Manager</Filter>
    </ClInclude>
    <ClInclude Include="GameEngineDevice.h">
      <Filter>RenderingPipeLine\Device</Filter>
    </ClInclude>
    <ClInclude Include="GameEngineTexture.h">
      <Filter>Resources\02. Image</Filter>
    </ClInclude>
    <ClInclude Include="GameEngineRenderTarget.h">
      <Filter>Resources\02. Image</Filter>
    </ClInclude>
    <ClInclude Include="GameEngineRenderTargetManager.h">
      <Filter>Resources\99. Manager</Filter>
    </ClInclude>
    <ClInclude Include="GameEngineRenderingPipeLineManager.h">
      <Filter>Resources\99. Manager</Filter>
    </ClInclude>
    <ClInclude Include="GameEngineMesh.h">
      <Filter>Resources\00. Buffer</Filter>
    </ClInclude>
    <ClInclude Include="GameEnginePixelShader.h">
      <Filter>Resources\01. Shader</Filter>
    </ClInclude>
    <ClInclude Include="GameEngineShader.h">
      <Filter>Resources\01. Shader</Filter>
    </ClInclude>
    <ClInclude Include="GameEnginePixelShaderManager.h">
      <Filter>Resources\99. Manager</Filter>
    </ClInclude>
    <ClInclude Include="GameEngineConstantBuffer.h">
      <Filter>Resources\01. Shader\ShaderResources</Filter>
    </ClInclude>
    <ClInclude Include="GameEngineConstantBufferManager.h">
      <Filter>Resources\99. Manager</Filter>
    </ClInclude>
    <ClInclude Include="GameEngineRenderingSettingData.h">
      <Filter>RenderingPipeLine</Filter>
    </ClInclude>
    <ClInclude Include="GameEngineShaderResHelper.h">
      <Filter>RenderingPipeLine</Filter>
    </ClInclude>
    <ClInclude Include="GameEngineLevel.h">
      <Filter>Object</Filter>
    </ClInclude>
    <ClInclude Include="GameEngineActor.h">
      <Filter>Object</Filter>
    </ClInclude>
    <ClInclude Include="GameEngineTransform.h">
      <Filter>Object\Transform</Filter>
    </ClInclude>
    <ClInclude Include="GameEngineComponent.h">
      <Filter>Object\Component</Filter>
    </ClInclude>
    <ClInclude Include="GameEngineTransformComponent.h">
      <Filter>Object\Component</Filter>
    </ClInclude>
    <ClInclude Include="GameEngineRenderer.h">
      <Filter>Object\Component\Renderer</Filter>
    </ClInclude>
    <ClInclude Include="CameraComponent.h">
      <Filter>Object\Component\Camera</Filter>
    </ClInclude>
    <ClInclude Include="CameraActor.h">
      <Filter>Object\EngineActor</Filter>
    </ClInclude>
    <ClInclude Include="GameEngineInput.h">
      <Filter>Control</Filter>
    </ClInclude>
    <ClInclude Include="GameEngineUIRenderer.h">
      <Filter>Object\Component\Renderer</Filter>
    </ClInclude>
    <ClInclude Include="GameEngineImageRenderer.h">
      <Filter>Object\Component\Renderer\Sub</Filter>
    </ClInclude>
    <ClInclude Include="GameEngineSampler.h">
      <Filter>Resources\02. Image</Filter>
    </ClInclude>
    <ClInclude Include="GameEngineSamplerManager.h">
      <Filter>Resources\99. Manager</Filter>
    </ClInclude>
    <ClInclude Include="GameEngineBlend.h">
      <Filter>Resources\02. Image</Filter>
    </ClInclude>
    <ClInclude Include="GameEngineBlendManager.h">
      <Filter>Resources\99. Manager</Filter>
    </ClInclude>
    <ClInclude Include="GameEngineResourcesManager.h">
      <Filter>Resources\99. Manager\ResourceManager</Filter>
    </ClInclude>
  </ItemGroup>
  <ItemGroup>
    <ClCompile Include="PreCompile.cpp">
      <Filter>Precom</Filter>
    </ClCompile>
    <ClCompile Include="GameEngineWindow.cpp">
      <Filter>Window</Filter>
    </ClCompile>
    <ClCompile Include="GameEngineCore.cpp">
      <Filter>Core</Filter>
    </ClCompile>
    <ClCompile Include="GameEngineVertexShader.cpp">
      <Filter>Resources\01. Shader</Filter>
    </ClCompile>
    <ClCompile Include="GameEngineIndexBuffer.cpp">
      <Filter>Resources\00. Buffer</Filter>
    </ClCompile>
    <ClCompile Include="GameEngineVertexBuffer.cpp">
      <Filter>Resources\00. Buffer</Filter>
    </ClCompile>
    <ClCompile Include="GameEngineVertexBufferManager.cpp">
      <Filter>Resources\99. Manager</Filter>
    </ClCompile>
    <ClCompile Include="GameEngineTextureManager.cpp">
      <Filter>Resources\99. Manager</Filter>
    </ClCompile>
    <ClCompile Include="GameEngineIndexBufferManager.cpp">
      <Filter>Resources\99. Manager</Filter>
    </ClCompile>
    <ClCompile Include="GameEngineVertexShaderManager.cpp">
      <Filter>Resources\99. Manager</Filter>
    </ClCompile>
    <ClCompile Include="GameEngineRasterizer.cpp">
      <Filter>Resources\03. Rasterizer</Filter>
    </ClCompile>
    <ClCompile Include="GameEngineRasterizerManager.cpp">
      <Filter>Resources\99. Manager</Filter>
    </ClCompile>
    <ClCompile Include="GameEngineDevice.cpp">
      <Filter>RenderingPipeLine\Device</Filter>
    </ClCompile>
    <ClCompile Include="GameEngineTexture.cpp">
      <Filter>Resources\02. Image</Filter>
    </ClCompile>
    <ClCompile Include="GameEngineRenderTarget.cpp">
      <Filter>Resources\02. Image</Filter>
    </ClCompile>
    <ClCompile Include="GameEngineRenderTargetManager.cpp">
      <Filter>Resources\99. Manager</Filter>
    </ClCompile>
    <ClCompile Include="GameEngineRenderingPipeLineManager.cpp">
      <Filter>Resources\99. Manager</Filter>
    </ClCompile>
    <ClCompile Include="GameEngineMesh.cpp">
      <Filter>Resources\00. Buffer</Filter>
    </ClCompile>
    <ClCompile Include="GameEngineRenderingPipeLine.cpp">
      <Filter>RenderingPipeLine</Filter>
    </ClCompile>
    <ClCompile Include="GameEnginePixelShader.cpp">
      <Filter>Resources\01. Shader</Filter>
    </ClCompile>
    <ClCompile Include="GameEngineShader.cpp">
      <Filter>Resources\01. Shader</Filter>
    </ClCompile>
    <ClCompile Include="GameEnginePixelShaderManager.cpp">
      <Filter>Resources\99. Manager</Filter>
    </ClCompile>
    <ClCompile Include="GameEngineConstantBuffer.cpp">
      <Filter>Resources\01. Shader\ShaderResources</Filter>
    </ClCompile>
    <ClCompile Include="GameEngineConstantBufferManager.cpp">
      <Filter>Resources\99. Manager</Filter>
    </ClCompile>
    <ClCompile Include="GameEngineRenderingSettingData.cpp">
      <Filter>RenderingPipeLine</Filter>
    </ClCompile>
    <ClCompile Include="GameEngineShaderResHelper.cpp">
      <Filter>RenderingPipeLine</Filter>
    </ClCompile>
    <ClCompile Include="GameEngineLevel.cpp">
      <Filter>Object</Filter>
    </ClCompile>
    <ClCompile Include="GameEngineActor.cpp">
      <Filter>Object</Filter>
    </ClCompile>
    <ClCompile Include="GameEngineTransform.cpp">
      <Filter>Object\Transform</Filter>
    </ClCompile>
    <ClCompile Include="GameEngineComponent.cpp">
      <Filter>Object\Component</Filter>
    </ClCompile>
    <ClCompile Include="GameEngineTransformComponent.cpp">
      <Filter>Object\Component</Filter>
    </ClCompile>
    <ClCompile Include="GameEngineRenderer.cpp">
      <Filter>Object\Component\Renderer</Filter>
    </ClCompile>
    <ClCompile Include="CameraComponent.cpp">
      <Filter>Object\Component\Camera</Filter>
    </ClCompile>
    <ClCompile Include="CameraActor.cpp">
      <Filter>Object\EngineActor</Filter>
    </ClCompile>
    <ClCompile Include="GameEngineInput.cpp">
      <Filter>Control</Filter>
    </ClCompile>
    <ClCompile Include="GameEngineUIRenderer.cpp">
      <Filter>Object\Component\Renderer</Filter>
    </ClCompile>
    <ClCompile Include="GameEngineImageRenderer.cpp">
      <Filter>Object\Component\Renderer\Sub</Filter>
    </ClCompile>
    <ClCompile Include="GameEngineSampler.cpp">
      <Filter>Resources\02. Image</Filter>
    </ClCompile>
    <ClCompile Include="GameEngineSamplerManager.cpp">
      <Filter>Resources\99. Manager</Filter>
    </ClCompile>
    <ClCompile Include="GameEngineBlend.cpp">
      <Filter>Resources\02. Image</Filter>
    </ClCompile>
    <ClCompile Include="GameEngineBlendManager.cpp">
      <Filter>Resources\99. Manager</Filter>
    </ClCompile>
  </ItemGroup>
  <ItemGroup>
    <Filter Include="Precom">
      <UniqueIdentifier>{990cba2f-39bb-4889-a79b-de71f43adde5}</UniqueIdentifier>
    </Filter>
    <Filter Include="Core">
      <UniqueIdentifier>{08bba0b0-1508-4be5-b1d2-3b4675d6e2cc}</UniqueIdentifier>
    </Filter>
    <Filter Include="Window">
      <UniqueIdentifier>{6cfa9545-cdec-4b88-9571-198eea9500ad}</UniqueIdentifier>
    </Filter>
    <Filter Include="RenderingPipeLine">
      <UniqueIdentifier>{bdcd9a60-4a22-4b3d-b415-f47ed7373670}</UniqueIdentifier>
    </Filter>
    <Filter Include="Resources">
      <UniqueIdentifier>{caf9db0a-93f6-4051-9bfc-3ee20a8e2d06}</UniqueIdentifier>
    </Filter>
    <Filter Include="Resources\99. Manager">
      <UniqueIdentifier>{d4fd0df6-6a64-4f84-af43-2e05ea57283d}</UniqueIdentifier>
    </Filter>
    <Filter Include="Resources\00. Buffer">
      <UniqueIdentifier>{ee436f4b-3e76-47c2-b4a8-69a7071ac551}</UniqueIdentifier>
    </Filter>
    <Filter Include="Resources\01. Shader">
      <UniqueIdentifier>{de17405b-d586-4df7-86e7-fd7ef8ce3c51}</UniqueIdentifier>
    </Filter>
    <Filter Include="RenderingPipeLine\Device">
      <UniqueIdentifier>{504f4b11-7763-4f4b-a872-e29e091ba8ea}</UniqueIdentifier>
    </Filter>
    <Filter Include="Resources\02. Image">
      <UniqueIdentifier>{6c958abe-ece6-48a2-a85b-d86a897facf1}</UniqueIdentifier>
    </Filter>
    <Filter Include="Resources\01. Shader\ShaderResources">
      <UniqueIdentifier>{545100c7-73ac-45cb-945e-6471addb2ed1}</UniqueIdentifier>
    </Filter>
    <Filter Include="Object">
      <UniqueIdentifier>{cdf65227-5add-4e35-9454-d75d488f8091}</UniqueIdentifier>
    </Filter>
    <Filter Include="Object\Component">
      <UniqueIdentifier>{2eb32f65-bb14-450c-ba31-e140cf62d696}</UniqueIdentifier>
    </Filter>
    <Filter Include="Object\Component\Renderer">
      <UniqueIdentifier>{55fd52d8-309c-47f7-b08d-84ec3ddefac0}</UniqueIdentifier>
    </Filter>
    <Filter Include="Object\Component\Camera">
      <UniqueIdentifier>{5e37e014-dd97-4d5d-9b1a-1e678e52a979}</UniqueIdentifier>
    </Filter>
    <Filter Include="Object\EngineActor">
      <UniqueIdentifier>{d8180a59-2ce2-4730-a5bb-2ebe7e45270b}</UniqueIdentifier>
    </Filter>
    <Filter Include="Control">
      <UniqueIdentifier>{1a59472a-0a26-4ab3-af85-607a6925bf68}</UniqueIdentifier>
    </Filter>
    <Filter Include="Object\Transform">
      <UniqueIdentifier>{9aa90d38-0ccc-480b-9d31-b7b01bfa8816}</UniqueIdentifier>
    </Filter>
    <Filter Include="Object\Component\Renderer\Sub">
      <UniqueIdentifier>{0f26e041-0e52-4fae-9503-8766ca677fe8}</UniqueIdentifier>
    </Filter>
    <Filter Include="Lib">
      <UniqueIdentifier>{1ad8f818-d77b-41d6-ab50-a31cc6dc5ee1}</UniqueIdentifier>
    </Filter>
    <Filter Include="Lib\Debug">
      <UniqueIdentifier>{26c63524-9a1c-4947-98e3-3f1a05ee0d00}</UniqueIdentifier>
    </Filter>
    <Filter Include="Lib\Release">
      <UniqueIdentifier>{27a9b5f8-04d4-407c-a2c8-3a1626904972}</UniqueIdentifier>
    </Filter>
    <Filter Include="Resources\03. Rasterizer">
      <UniqueIdentifier>{c51986b5-61f2-40b1-a271-b9e8058eb03e}</UniqueIdentifier>
    </Filter>
    <Filter Include="Resources\99. Manager\ResourceManager">
      <UniqueIdentifier>{da9f6a34-95aa-4b16-b5a7-b585066393fe}</UniqueIdentifier>
    </Filter>
  </ItemGroup>
  <ItemGroup>
    <None Include="..\ThirdParty\x64\Debug\DirectXTex\DirectXTex.lib">
      <Filter>Lib\Debug</Filter>
    </None>
    <None Include="..\ThirdParty\x64\Release\DirectXTex\DirectXTex.lib">
      <Filter>Lib\Release</Filter>
    </None>
  </ItemGroup>
</Project>